
Microsoft Visual Studio Solution File, Format Version 12.00
# Visual Studio Version 16
VisualStudioVersion = 16.0.31624.102
MinimumVisualStudioVersion = 10.0.40219.1
Project("{F184B08F-C81C-45F6-A57F-5ABD9991F28F}") = "kill", "kill\kill.vbproj", "{6E117DE9-07A4-4869-A05F-B73C02CCA7A3}"
EndProject
Global
	GlobalSection(SolutionConfigurationPlatforms) = preSolution
		Debug|Any CPU = Debug|Any CPU
		Release|Any CPU = Release|Any CPU
	EndGlobalSection
	GlobalSection(ProjectConfigurationPlatforms) = postSolution
		{6E117DE9-07A4-4869-A05F-B73C02CCA7A3}.Debug|Any CPU.ActiveCfg = Debug|Any CPU
		{6E117DE9-07A4-4869-A05F-B73C02CCA7A3}.Debug|Any CPU.Build.0 = Debug|Any CPU
		{6E117DE9-07A4-4869-A05F-B73C02CCA7A3}.Release|Any CPU.ActiveCfg = Release|Any CPU
		{6E117DE9-07A4-4869-A05F-B73C02CCA7A3}.Release|Any CPU.Build.0 = Release|Any CPU
	EndGlobalSection
	GlobalSection(SolutionProperties) = preSolution
		HideSolutionNode = FALSE
	EndGlobalSection
	GlobalSection(ExtensibilityGlobals) = postSolution
		SolutionGuid = {4673E5D8-2BC8-4D76-B860-193143ABAC31}
	EndGlobalSection
EndGlobal
